
Microsoft Visual Studio Solution File, Format Version 12.00
# Visual Studio Version 17
VisualStudioVersion = 17.10.35013.160
MinimumVisualStudioVersion = 10.0.40219.1
Project("{FAE04EC0-301F-11D3-BF4B-00C04F79EFBC}") = "Api", "Api\Api.csproj", "{6BC6A28F-8871-43DF-8D9D-4BBE6C310B44}"
EndProject
Global
	GlobalSection(SolutionConfigurationPlatforms) = preSolution
		Debug|Any CPU = Debug|Any CPU
		Release|Any CPU = Release|Any CPU
	EndGlobalSection
	GlobalSection(ProjectConfigurationPlatforms) = postSolution
		{6BC6A28F-8871-43DF-8D9D-4BBE6C310B44}.Debug|Any CPU.ActiveCfg = Debug|Any CPU
		{6BC6A28F-8871-43DF-8D9D-4BBE6C310B44}.Debug|Any CPU.Build.0 = Debug|Any CPU
		{6BC6A28F-8871-43DF-8D9D-4BBE6C310B44}.Release|Any CPU.ActiveCfg = Release|Any CPU
		{6BC6A28F-8871-43DF-8D9D-4BBE6C310B44}.Release|Any CPU.Build.0 = Release|Any CPU
	EndGlobalSection
	GlobalSection(SolutionProperties) = preSolution
		HideSolutionNode = FALSE
	EndGlobalSection
	GlobalSection(ExtensibilityGlobals) = postSolution
		SolutionGuid = {218EAFDE-9CA7-4621-A791-F78E23DAA7B3}
	EndGlobalSection
EndGlobal
